// !$*UTF8*$!
{
	archiveVersion = 1;
	classes = {
	};
	objectVersion = 56;
	objects = {

/* Begin PBXBuildFile section */
		1A795274296BFF27008609BB /* Befamily_PreviewApp.swift in Sources */ = {isa = PBXBuildFile; fileRef = 1A795273296BFF27008609BB /* Befamily_PreviewApp.swift */; };
		1A795276296BFF27008609BB /* PreviewScreenView.swift in Sources */ = {isa = PBXBuildFile; fileRef = 1A795275296BFF27008609BB /* PreviewScreenView.swift */; };
		1A795278296BFF2A008609BB /* Assets.xcassets in Resources */ = {isa = PBXBuildFile; fileRef = 1A795277296BFF2A008609BB /* Assets.xcassets */; };
		1A79527B296BFF2A008609BB /* Preview Assets.xcassets in Resources */ = {isa = PBXBuildFile; fileRef = 1A79527A296BFF2A008609BB /* Preview Assets.xcassets */; };
		1A795289296BFFA6008609BB /* PreviewImagesDataModel.xcdatamodeld in Sources */ = {isa = PBXBuildFile; fileRef = 1A795287296BFFA6008609BB /* PreviewImagesDataModel.xcdatamodeld */; };
		1A79528B296C001B008609BB /* PreviewImagesContainer.swift in Sources */ = {isa = PBXBuildFile; fileRef = 1A79528A296C001B008609BB /* PreviewImagesContainer.swift */; };
		1A79528D296C0103008609BB /* PreviewImage_Extension.swift in Sources */ = {isa = PBXBuildFile; fileRef = 1A79528C296C0103008609BB /* PreviewImage_Extension.swift */; };
		1A79528F296C02E2008609BB /* PreviewViewModel.swift in Sources */ = {isa = PBXBuildFile; fileRef = 1A79528E296C02E2008609BB /* PreviewViewModel.swift */; };
		1AC4FB90296C0ACE00FA7CBE /* FileManager.swift in Sources */ = {isa = PBXBuildFile; fileRef = 1AC4FB8F296C0ACE00FA7CBE /* FileManager.swift */; };
		1AC4FB92296DBE8300FA7CBE /* Constants.swift in Sources */ = {isa = PBXBuildFile; fileRef = 1AC4FB91296DBE8300FA7CBE /* Constants.swift */; };
/* End PBXBuildFile section */

/* Begin PBXFileReference section */
		1A795270296BFF27008609BB /* Befamily_Preview.app */ = {isa = PBXFileReference; explicitFileType = wrapper.application; includeInIndex = 0; path = Befamily_Preview.app; sourceTree = BUILT_PRODUCTS_DIR; };
		1A795273296BFF27008609BB /* Befamily_PreviewApp.swift */ = {isa = PBXFileReference; lastKnownFileType = sourcecode.swift; path = Befamily_PreviewApp.swift; sourceTree = "<group>"; };
		1A795275296BFF27008609BB /* PreviewScreenView.swift */ = {isa = PBXFileReference; lastKnownFileType = sourcecode.swift; path = PreviewScreenView.swift; sourceTree = "<group>"; };
		1A795277296BFF2A008609BB /* Assets.xcassets */ = {isa = PBXFileReference; lastKnownFileType = folder.assetcatalog; path = Assets.xcassets; sourceTree = "<group>"; };
		1A79527A296BFF2A008609BB /* Preview Assets.xcassets */ = {isa = PBXFileReference; lastKnownFileType = folder.assetcatalog; path = "Preview Assets.xcassets"; sourceTree = "<group>"; };
		1A795288296BFFA6008609BB /* PreviewImagesDataModel.xcdatamodel */ = {isa = PBXFileReference; lastKnownFileType = wrapper.xcdatamodel; path = PreviewImagesDataModel.xcdatamodel; sourceTree = "<group>"; };
		1A79528A296C001B008609BB /* PreviewImagesContainer.swift */ = {isa = PBXFileReference; lastKnownFileType = sourcecode.swift; path = PreviewImagesContainer.swift; sourceTree = "<group>"; };
		1A79528C296C0103008609BB /* PreviewImage_Extension.swift */ = {isa = PBXFileReference; lastKnownFileType = sourcecode.swift; path = PreviewImage_Extension.swift; sourceTree = "<group>"; };
		1A79528E296C02E2008609BB /* PreviewViewModel.swift */ = {isa = PBXFileReference; lastKnownFileType = sourcecode.swift; path = PreviewViewModel.swift; sourceTree = "<group>"; };
		1AC4FB8F296C0ACE00FA7CBE /* FileManager.swift */ = {isa = PBXFileReference; lastKnownFileType = sourcecode.swift; path = FileManager.swift; sourceTree = "<group>"; };
		1AC4FB91296DBE8300FA7CBE /* Constants.swift */ = {isa = PBXFileReference; lastKnownFileType = sourcecode.swift; path = Constants.swift; sourceTree = "<group>"; };
/* End PBXFileReference section */

/* Begin PBXFrameworksBuildPhase section */
		1A79526D296BFF27008609BB /* Frameworks */ = {
			isa = PBXFrameworksBuildPhase;
			buildActionMask = 2147483647;
			files = (
			);
			runOnlyForDeploymentPostprocessing = 0;
		};
/* End PBXFrameworksBuildPhase section */

/* Begin PBXGroup section */
		1A795267296BFF27008609BB = {
			isa = PBXGroup;
			children = (
				1A795272296BFF27008609BB /* Befamily_Preview */,
				1A795271296BFF27008609BB /* Products */,
			);
			sourceTree = "<group>";
		};
		1A795271296BFF27008609BB /* Products */ = {
			isa = PBXGroup;
			children = (
				1A795270296BFF27008609BB /* Befamily_Preview.app */,
			);
			name = Products;
			sourceTree = "<group>";
		};
		1A795272296BFF27008609BB /* Befamily_Preview */ = {
			isa = PBXGroup;
			children = (
				1A795273296BFF27008609BB /* Befamily_PreviewApp.swift */,
				1A795275296BFF27008609BB /* PreviewScreenView.swift */,
				1A79528E296C02E2008609BB /* PreviewViewModel.swift */,
				1ABFA75D2973039600B2BD87 /* FileManager */,
				1AC4FB91296DBE8300FA7CBE /* Constants.swift */,
				1A795277296BFF2A008609BB /* Assets.xcassets */,
				1A795286296BFF83008609BB /* CoreData */,
				1A795279296BFF2A008609BB /* Preview Content */,
			);
			path = Befamily_Preview;
			sourceTree = "<group>";
		};
		1A795279296BFF2A008609BB /* Preview Content */ = {
			isa = PBXGroup;
			children = (
				1A79527A296BFF2A008609BB /* Preview Assets.xcassets */,
			);
			path = "Preview Content";
			sourceTree = "<group>";
		};
		1A795286296BFF83008609BB /* CoreData */ = {
			isa = PBXGroup;
			children = (
				1A79528A296C001B008609BB /* PreviewImagesContainer.swift */,
				1A79528C296C0103008609BB /* PreviewImage_Extension.swift */,
				1A795287296BFFA6008609BB /* PreviewImagesDataModel.xcdatamodeld */,
			);
			path = CoreData;
			sourceTree = "<group>";
		};
		1ABFA75D2973039600B2BD87 /* FileManager */ = {
			isa = PBXGroup;
			children = (
				1AC4FB8F296C0ACE00FA7CBE /* FileManager.swift */,
			);
			path = FileManager;
			sourceTree = "<group>";
		};
/* End PBXGroup section */

/* Begin PBXNativeTarget section */
		1A79526F296BFF27008609BB /* Befamily_Preview */ = {
			isa = PBXNativeTarget;
			buildConfigurationList = 1A795283296BFF2A008609BB /* Build configuration list for PBXNativeTarget "Befamily_Preview" */;
			buildPhases = (
				1A79526C296BFF27008609BB /* Sources */,
				1A79526D296BFF27008609BB /* Frameworks */,
				1A79526E296BFF27008609BB /* Resources */,
			);
			buildRules = (
			);
			dependencies = (
			);
			name = Befamily_Preview;
			productName = Befamily_Preview;
			productReference = 1A795270296BFF27008609BB /* Befamily_Preview.app */;
			productType = "com.apple.product-type.application";
		};
/* End PBXNativeTarget section */

/* Begin PBXProject section */
		1A795268296BFF27008609BB /* Project object */ = {
			isa = PBXProject;
			attributes = {
				BuildIndependentTargetsInParallel = 1;
				LastSwiftUpdateCheck = 1420;
				LastUpgradeCheck = 1420;
				TargetAttributes = {
					1A79526F296BFF27008609BB = {
						CreatedOnToolsVersion = 14.2;
					};
				};
			};
			buildConfigurationList = 1A79526B296BFF27008609BB /* Build configuration list for PBXProject "Befamily_Preview" */;
			compatibilityVersion = "Xcode 14.0";
			developmentRegion = en;
			hasScannedForEncodings = 0;
			knownRegions = (
				en,
				Base,
			);
			mainGroup = 1A795267296BFF27008609BB;
			productRefGroup = 1A795271296BFF27008609BB /* Products */;
			projectDirPath = "";
			projectRoot = "";
			targets = (
				1A79526F296BFF27008609BB /* Befamily_Preview */,
			);
		};
/* End PBXProject section */

/* Begin PBXResourcesBuildPhase section */
		1A79526E296BFF27008609BB /* Resources */ = {
			isa = PBXResourcesBuildPhase;
			buildActionMask = 2147483647;
			files = (
				1A79527B296BFF2A008609BB /* Preview Assets.xcassets in Resources */,
				1A795278296BFF2A008609BB /* Assets.xcassets in Resources */,
			);
			runOnlyForDeploymentPostprocessing = 0;
		};
/* End PBXResourcesBuildPhase section */

/* Begin PBXSourcesBuildPhase section */
		1A79526C296BFF27008609BB /* Sources */ = {
			isa = PBXSourcesBuildPhase;
			buildActionMask = 2147483647;
			files = (
				1A79528B296C001B008609BB /* PreviewImagesContainer.swift in Sources */,
				1A79528D296C0103008609BB /* PreviewImage_Extension.swift in Sources */,
				1A795276296BFF27008609BB /* PreviewScreenView.swift in Sources */,
				1AC4FB90296C0ACE00FA7CBE /* FileManager.swift in Sources */,
				1A79528F296C02E2008609BB /* PreviewViewModel.swift in Sources */,
				1A795289296BFFA6008609BB /* PreviewImagesDataModel.xcdatamodeld in Sources */,
				1A795274296BFF27008609BB /* Befamily_PreviewApp.swift in Sources */,
				1AC4FB92296DBE8300FA7CBE /* Constants.swift in Sources */,
			);
			runOnlyForDeploymentPostprocessing = 0;
		};
/* End PBXSourcesBuildPhase section */

/* Begin XCBuildConfiguration section */
		1A795281296BFF2A008609BB /* Debug */ = {
			isa = XCBuildConfiguration;
			buildSettings = {
				ALWAYS_SEARCH_USER_PATHS = NO;
				CLANG_ANALYZER_NONNULL = YES;
				CLANG_ANALYZER_NUMBER_OBJECT_CONVERSION = YES_AGGRESSIVE;
				CLANG_CXX_LANGUAGE_STANDARD = "gnu++20";
				CLANG_ENABLE_MODULES = YES;
				CLANG_ENABLE_OBJC_ARC = YES;
				CLANG_ENABLE_OBJC_WEAK = YES;
				CLANG_WARN_BLOCK_CAPTURE_AUTORELEASING = YES;
				CLANG_WARN_BOOL_CONVERSION = YES;
				CLANG_WARN_COMMA = YES;
				CLANG_WARN_CONSTANT_CONVERSION = YES;
				CLANG_WARN_DEPRECATED_OBJC_IMPLEMENTATIONS = YES;
				CLANG_WARN_DIRECT_OBJC_ISA_USAGE = YES_ERROR;
				CLANG_WARN_DOCUMENTATION_COMMENTS = YES;
				CLANG_WARN_EMPTY_BODY = YES;
				CLANG_WARN_ENUM_CONVERSION = YES;
				CLANG_WARN_INFINITE_RECURSION = YES;
				CLANG_WARN_INT_CONVERSION = YES;
				CLANG_WARN_NON_LITERAL_NULL_CONVERSION = YES;
				CLANG_WARN_OBJC_IMPLICIT_RETAIN_SELF = YES;
				CLANG_WARN_OBJC_LITERAL_CONVERSION = YES;
				CLANG_WARN_OBJC_ROOT_CLASS = YES_ERROR;
				CLANG_WARN_QUOTED_INCLUDE_IN_FRAMEWORK_HEADER = YES;
				CLANG_WARN_RANGE_LOOP_ANALYSIS = YES;
				CLANG_WARN_STRICT_PROTOTYPES = YES;
				CLANG_WARN_SUSPICIOUS_MOVE = YES;
				CLANG_WARN_UNGUARDED_AVAILABILITY = YES_AGGRESSIVE;
				CLANG_WARN_UNREACHABLE_CODE = YES;
				CLANG_WARN__DUPLICATE_METHOD_MATCH = YES;
				COPY_PHASE_STRIP = NO;
				DEBUG_INFORMATION_FORMAT = dwarf;
				ENABLE_STRICT_OBJC_MSGSEND = YES;
				ENABLE_TESTABILITY = YES;
				GCC_C_LANGUAGE_STANDARD = gnu11;
				GCC_DYNAMIC_NO_PIC = NO;
				GCC_NO_COMMON_BLOCKS = YES;
				GCC_OPTIMIZATION_LEVEL = 0;
				GCC_PREPROCESSOR_DEFINITIONS = (
					"DEBUG=1",
					"$(inherited)",
				);
				GCC_WARN_64_TO_32_BIT_CONVERSION = YES;
				GCC_WARN_ABOUT_RETURN_TYPE = YES_ERROR;
				GCC_WARN_UNDECLARED_SELECTOR = YES;
				GCC_WARN_UNINITIALIZED_AUTOS = YES_AGGRESSIVE;
				GCC_WARN_UNUSED_FUNCTION = YES;
				GCC_WARN_UNUSED_VARIABLE = YES;
				IPHONEOS_DEPLOYMENT_TARGET = 16.2;
				MTL_ENABLE_DEBUG_INFO = INCLUDE_SOURCE;
				MTL_FAST_MATH = YES;
				ONLY_ACTIVE_ARCH = YES;
				SDKROOT = iphoneos;
				SWIFT_ACTIVE_COMPILATION_CONDITIONS = DEBUG;
				SWIFT_OPTIMIZATION_LEVEL = "-Onone";
			};
			name = Debug;
		};
		1A795282296BFF2A008609BB /* Release */ = {
			isa = XCBuildConfiguration;
			buildSettings = {
				ALWAYS_SEARCH_USER_PATHS = NO;
				CLANG_ANALYZER_NONNULL = YES;
				CLANG_ANALYZER_NUMBER_OBJECT_CONVERSION = YES_AGGRESSIVE;
				CLANG_CXX_LANGUAGE_STANDARD = "gnu++20";
				CLANG_ENABLE_MODULES = YES;
				CLANG_ENABLE_OBJC_ARC = YES;
				CLANG_ENABLE_OBJC_WEAK = YES;
				CLANG_WARN_BLOCK_CAPTURE_AUTORELEASING = YES;
				CLANG_WARN_BOOL_CONVERSION = YES;
				CLANG_WARN_COMMA = YES;
				CLANG_WARN_CONSTANT_CONVERSION = YES;
				CLANG_WARN_DEPRECATED_OBJC_IMPLEMENTATIONS = YES;
				CLANG_WARN_DIRECT_OBJC_ISA_USAGE = YES_ERROR;
				CLANG_WARN_DOCUMENTATION_COMMENTS = YES;
				CLANG_WARN_EMPTY_BODY = YES;
				CLANG_WARN_ENUM_CONVERSION = YES;
				CLANG_WARN_INFINITE_RECURSION = YES;
				CLANG_WARN_INT_CONVERSION = YES;
				CLANG_WARN_NON_LITERAL_NULL_CONVERSION = YES;
				CLANG_WARN_OBJC_IMPLICIT_RETAIN_SELF = YES;
				CLANG_WARN_OBJC_LITERAL_CONVERSION = YES;
				CLANG_WARN_OBJC_ROOT_CLASS = YES_ERROR;
				CLANG_WARN_QUOTED_INCLUDE_IN_FRAMEWORK_HEADER = YES;
				CLANG_WARN_RANGE_LOOP_ANALYSIS = YES;
				CLANG_WARN_STRICT_PROTOTYPES = YES;
				CLANG_WARN_SUSPICIOUS_MOVE = YES;
				CLANG_WARN_UNGUARDED_AVAILABILITY = YES_AGGRESSIVE;
				CLANG_WARN_UNREACHABLE_CODE = YES;
				CLANG_WARN__DUPLICATE_METHOD_MATCH = YES;
				COPY_PHASE_STRIP = NO;
				DEBUG_INFORMATION_FORMAT = "dwarf-with-dsym";
				ENABLE_NS_ASSERTIONS = NO;
				ENABLE_STRICT_OBJC_MSGSEND = YES;
				GCC_C_LANGUAGE_STANDARD = gnu11;
				GCC_NO_COMMON_BLOCKS = YES;
				GCC_WARN_64_TO_32_BIT_CONVERSION = YES;
				GCC_WARN_ABOUT_RETURN_TYPE = YES_ERROR;
				GCC_WARN_UNDECLARED_SELECTOR = YES;
				GCC_WARN_UNINITIALIZED_AUTOS = YES_AGGRESSIVE;
				GCC_WARN_UNUSED_FUNCTION = YES;
				GCC_WARN_UNUSED_VARIABLE = YES;
				IPHONEOS_DEPLOYMENT_TARGET = 16.2;
				MTL_ENABLE_DEBUG_INFO = NO;
				MTL_FAST_MATH = YES;
				SDKROOT = iphoneos;
				SWIFT_COMPILATION_MODE = wholemodule;
				SWIFT_OPTIMIZATION_LEVEL = "-O";
				VALIDATE_PRODUCT = YES;
			};
			name = Release;
		};
		1A795284296BFF2A008609BB /* Debug */ = {
			isa = XCBuildConfiguration;
			buildSettings = {
				ASSETCATALOG_COMPILER_APPICON_NAME = AppIcon;
				ASSETCATALOG_COMPILER_GLOBAL_ACCENT_COLOR_NAME = AccentColor;
				CODE_SIGN_STYLE = Automatic;
				CURRENT_PROJECT_VERSION = 1;
				DEVELOPMENT_ASSET_PATHS = "\"Befamily_Preview/Preview Content\"";
				DEVELOPMENT_TEAM = 6DXT245L5T;
				ENABLE_PREVIEWS = YES;
				GENERATE_INFOPLIST_FILE = YES;
				INFOPLIST_KEY_UIApplicationSceneManifest_Generation = YES;
				INFOPLIST_KEY_UIApplicationSupportsIndirectInputEvents = YES;
				INFOPLIST_KEY_UILaunchScreen_Generation = YES;
				INFOPLIST_KEY_UISupportedInterfaceOrientations_iPad = "UIInterfaceOrientationPortrait UIInterfaceOrientationPortraitUpsideDown UIInterfaceOrientationLandscapeLeft UIInterfaceOrientationLandscapeRight";
				INFOPLIST_KEY_UISupportedInterfaceOrientations_iPhone = "UIInterfaceOrientationPortrait UIInterfaceOrientationLandscapeLeft UIInterfaceOrientationLandscapeRight";
				LD_RUNPATH_SEARCH_PATHS = (
					"$(inherited)",
					"@executable_path/Frameworks",
				);
				MARKETING_VERSION = 1.0;
				PRODUCT_BUNDLE_IDENTIFIER = "konkuk.jhpark.Befamily-Preview";
				PRODUCT_NAME = "$(TARGET_NAME)";
				SWIFT_EMIT_LOC_STRINGS = YES;
				SWIFT_VERSION = 5.0;
				TARGETED_DEVICE_FAMILY = "1,2";
			};
			name = Debug;
		};
		1A795285296BFF2A008609BB /* Release */ = {
			isa = XCBuildConfiguration;
			buildSettings = {
				ASSETCATALOG_COMPILER_APPICON_NAME = AppIcon;
				ASSETCATALOG_COMPILER_GLOBAL_ACCENT_COLOR_NAME = AccentColor;
				CODE_SIGN_STYLE = Automatic;
				CURRENT_PROJECT_VERSION = 1;
				DEVELOPMENT_ASSET_PATHS = "\"Befamily_Preview/Preview Content\"";
				DEVELOPMENT_TEAM = 6DXT245L5T;
				ENABLE_PREVIEWS = YES;
				GENERATE_INFOPLIST_FILE = YES;
				INFOPLIST_KEY_UIApplicationSceneManifest_Generation = YES;
				INFOPLIST_KEY_UIApplicationSupportsIndirectInputEvents = YES;
				INFOPLIST_KEY_UILaunchScreen_Generation = YES;
				INFOPLIST_KEY_UISupportedInterfaceOrientations_iPad = "UIInterfaceOrientationPortrait UIInterfaceOrientationPortraitUpsideDown UIInterfaceOrientationLandscapeLeft UIInterfaceOrientationLandscapeRight";
				INFOPLIST_KEY_UISupportedInterfaceOrientations_iPhone = "UIInterfaceOrientationPortrait UIInterfaceOrientationLandscapeLeft UIInterfaceOrientationLandscapeRight";
				LD_RUNPATH_SEARCH_PATHS = (
					"$(inherited)",
					"@executable_path/Frameworks",
				);
				MARKETING_VERSION = 1.0;
				PRODUCT_BUNDLE_IDENTIFIER = "konkuk.jhpark.Befamily-Preview";
				PRODUCT_NAME = "$(TARGET_NAME)";
				SWIFT_EMIT_LOC_STRINGS = YES;
				SWIFT_VERSION = 5.0;
				TARGETED_DEVICE_FAMILY = "1,2";
			};
			name = Release;
		};
/* End XCBuildConfiguration section */

/* Begin XCConfigurationList section */
		1A79526B296BFF27008609BB /* Build configuration list for PBXProject "Befamily_Preview" */ = {
			isa = XCConfigurationList;
			buildConfigurations = (
				1A795281296BFF2A008609BB /* Debug */,
				1A795282296BFF2A008609BB /* Release */,
			);
			defaultConfigurationIsVisible = 0;
			defaultConfigurationName = Release;
		};
		1A795283296BFF2A008609BB /* Build configuration list for PBXNativeTarget "Befamily_Preview" */ = {
			isa = XCConfigurationList;
			buildConfigurations = (
				1A795284296BFF2A008609BB /* Debug */,
				1A795285296BFF2A008609BB /* Release */,
			);
			defaultConfigurationIsVisible = 0;
			defaultConfigurationName = Release;
		};
/* End XCConfigurationList section */

/* Begin XCVersionGroup section */
		1A795287296BFFA6008609BB /* PreviewImagesDataModel.xcdatamodeld */ = {
			isa = XCVersionGroup;
			children = (
				1A795288296BFFA6008609BB /* PreviewImagesDataModel.xcdatamodel */,
			);
			currentVersion = 1A795288296BFFA6008609BB /* PreviewImagesDataModel.xcdatamodel */;
			path = PreviewImagesDataModel.xcdatamodeld;
			sourceTree = "<group>";
			versionGroupType = wrapper.xcdatamodel;
		};
/* End XCVersionGroup section */
	};
	rootObject = 1A795268296BFF27008609BB /* Project object */;
}
